// !$*UTF8*$!
{
	archiveVersion = 1;
	classes = {
	};
	objectVersion = 50;
	objects = {

/* Begin PBXBuildFile section */
		4352528F2367580E0062B26D /* AppDelegate.swift in Sources */ = {isa = PBXBuildFile; fileRef = 4352528E2367580E0062B26D /* AppDelegate.swift */; };
		435252912367580E0062B26D /* SceneDelegate.swift in Sources */ = {isa = PBXBuildFile; fileRef = 435252902367580E0062B26D /* SceneDelegate.swift */; };
		435252932367580E0062B26D /* ContentView.swift in Sources */ = {isa = PBXBuildFile; fileRef = 435252922367580E0062B26D /* ContentView.swift */; };
		43525295236758100062B26D /* Assets.xcassets in Resources */ = {isa = PBXBuildFile; fileRef = 43525294236758100062B26D /* Assets.xcassets */; };
		43525298236758100062B26D /* Preview Assets.xcassets in Resources */ = {isa = PBXBuildFile; fileRef = 43525297236758100062B26D /* Preview Assets.xcassets */; };
		4352529B236758100062B26D /* LaunchScreen.storyboard in Resources */ = {isa = PBXBuildFile; fileRef = 43525299236758100062B26D /* LaunchScreen.storyboard */; };
		435252A3236758310062B26D /* ScoreView.swift in Sources */ = {isa = PBXBuildFile; fileRef = 435252A2236758310062B26D /* ScoreView.swift */; };
		435252A523675D940062B26D /* GameManager.swift in Sources */ = {isa = PBXBuildFile; fileRef = 435252A423675D940062B26D /* GameManager.swift */; };
/* End PBXBuildFile section */

/* Begin PBXFileReference section */
		4352528B2367580E0062B26D /* TapGame-SwiftUI.app */ = {isa = PBXFileReference; explicitFileType = wrapper.application; includeInIndex = 0; path = "TapGame-SwiftUI.app"; sourceTree = BUILT_PRODUCTS_DIR; };
		4352528E2367580E0062B26D /* AppDelegate.swift */ = {isa = PBXFileReference; lastKnownFileType = sourcecode.swift; path = AppDelegate.swift; sourceTree = "<group>"; };
		435252902367580E0062B26D /* SceneDelegate.swift */ = {isa = PBXFileReference; lastKnownFileType = sourcecode.swift; path = SceneDelegate.swift; sourceTree = "<group>"; };
		435252922367580E0062B26D /* ContentView.swift */ = {isa = PBXFileReference; lastKnownFileType = sourcecode.swift; path = ContentView.swift; sourceTree = "<group>"; };
		43525294236758100062B26D /* Assets.xcassets */ = {isa = PBXFileReference; lastKnownFileType = folder.assetcatalog; path = Assets.xcassets; sourceTree = "<group>"; };
		43525297236758100062B26D /* Preview Assets.xcassets */ = {isa = PBXFileReference; lastKnownFileType = folder.assetcatalog; path = "Preview Assets.xcassets"; sourceTree = "<group>"; };
		4352529A236758100062B26D /* Base */ = {isa = PBXFileReference; lastKnownFileType = file.storyboard; name = Base; path = Base.lproj/LaunchScreen.storyboard; sourceTree = "<group>"; };
		4352529C236758100062B26D /* Info.plist */ = {isa = PBXFileReference; lastKnownFileType = text.plist.xml; path = Info.plist; sourceTree = "<group>"; };
		435252A2236758310062B26D /* ScoreView.swift */ = {isa = PBXFileReference; lastKnownFileType = sourcecode.swift; path = ScoreView.swift; sourceTree = "<group>"; };
		435252A423675D940062B26D /* GameManager.swift */ = {isa = PBXFileReference; lastKnownFileType = sourcecode.swift; path = GameManager.swift; sourceTree = "<group>"; };
/* End PBXFileReference section */

/* Begin PBXFrameworksBuildPhase section */
		435252882367580E0062B26D /* Frameworks */ = {
			isa = PBXFrameworksBuildPhase;
			buildActionMask = 2147483647;
			files = (
			);
			runOnlyForDeploymentPostprocessing = 0;
		};
/* End PBXFrameworksBuildPhase section */

/* Begin PBXGroup section */
		435252822367580E0062B26D = {
			isa = PBXGroup;
			children = (
				4352528D2367580E0062B26D /* TapGame-SwiftUI */,
				4352528C2367580E0062B26D /* Products */,
			);
			sourceTree = "<group>";
		};
		4352528C2367580E0062B26D /* Products */ = {
			isa = PBXGroup;
			children = (
				4352528B2367580E0062B26D /* TapGame-SwiftUI.app */,
			);
			name = Products;
			sourceTree = "<group>";
		};
		4352528D2367580E0062B26D /* TapGame-SwiftUI */ = {
			isa = PBXGroup;
			children = (
				4352528E2367580E0062B26D /* AppDelegate.swift */,
				435252902367580E0062B26D /* SceneDelegate.swift */,
				435252922367580E0062B26D /* ContentView.swift */,
				435252A2236758310062B26D /* ScoreView.swift */,
				435252A423675D940062B26D /* GameManager.swift */,
				43525294236758100062B26D /* Assets.xcassets */,
				43525299236758100062B26D /* LaunchScreen.storyboard */,
				4352529C236758100062B26D /* Info.plist */,
				43525296236758100062B26D /* Preview Content */,
			);
			path = "TapGame-SwiftUI";
			sourceTree = "<group>";
		};
		43525296236758100062B26D /* Preview Content */ = {
			isa = PBXGroup;
			children = (
				43525297236758100062B26D /* Preview Assets.xcassets */,
			);
			path = "Preview Content";
			sourceTree = "<group>";
		};
/* End PBXGroup section */

/* Begin PBXNativeTarget section */
		4352528A2367580E0062B26D /* TapGame-SwiftUI */ = {
			isa = PBXNativeTarget;
			buildConfigurationList = 4352529F236758100062B26D /* Build configuration list for PBXNativeTarget "TapGame-SwiftUI" */;
			buildPhases = (
				435252872367580E0062B26D /* Sources */,
				435252882367580E0062B26D /* Frameworks */,
				435252892367580E0062B26D /* Resources */,
			);
			buildRules = (
			);
			dependencies = (
			);
			name = "TapGame-SwiftUI";
			productName = "TapGame-SwiftUI";
			productReference = 4352528B2367580E0062B26D /* TapGame-SwiftUI.app */;
			productType = "com.apple.product-type.application";
		};
/* End PBXNativeTarget section */

/* Begin PBXProject section */
		435252832367580E0062B26D /* Project object */ = {
			isa = PBXProject;
			attributes = {
				LastSwiftUpdateCheck = 1100;
				LastUpgradeCheck = 1100;
				ORGANIZATIONNAME = "Nate Thompson";
				TargetAttributes = {
					4352528A2367580E0062B26D = {
						CreatedOnToolsVersion = 11.0;
					};
				};
			};
			buildConfigurationList = 435252862367580E0062B26D /* Build configuration list for PBXProject "TapGame-SwiftUI" */;
			compatibilityVersion = "Xcode 9.3";
			developmentRegion = en;
			hasScannedForEncodings = 0;
			knownRegions = (
				en,
				Base,
			);
			mainGroup = 435252822367580E0062B26D;
			productRefGroup = 4352528C2367580E0062B26D /* Products */;
			projectDirPath = "";
			projectRoot = "";
			targets = (
				4352528A2367580E0062B26D /* TapGame-SwiftUI */,
			);
		};
/* End PBXProject section */

/* Begin PBXResourcesBuildPhase section */
		435252892367580E0062B26D /* Resources */ = {
			isa = PBXResourcesBuildPhase;
			buildActionMask = 2147483647;
			files = (
				4352529B236758100062B26D /* LaunchScreen.storyboard in Resources */,
				43525298236758100062B26D /* Preview Assets.xcassets in Resources */,
				43525295236758100062B26D /* Assets.xcassets in Resources */,
			);
			runOnlyForDeploymentPostprocessing = 0;
		};
/* End PBXResourcesBuildPhase section */

/* Begin PBXSourcesBuildPhase section */
		435252872367580E0062B26D /* Sources */ = {
			isa = PBXSourcesBuildPhase;
			buildActionMask = 2147483647;
			files = (
				4352528F2367580E0062B26D /* AppDelegate.swift in Sources */,
				435252A3236758310062B26D /* ScoreView.swift in Sources */,
				435252912367580E0062B26D /* SceneDelegate.swift in Sources */,
				435252932367580E0062B26D /* ContentView.swift in Sources */,
				435252A523675D940062B26D /* GameManager.swift in Sources */,
			);
			runOnlyForDeploymentPostprocessing = 0;
		};
/* End PBXSourcesBuildPhase section */

/* Begin PBXVariantGroup section */
		43525299236758100062B26D /* LaunchScreen.storyboard */ = {
			isa = PBXVariantGroup;
			children = (
				4352529A236758100062B26D /* Base */,
			);
			name = LaunchScreen.storyboard;
			sourceTree = "<group>";
		};
/* End PBXVariantGroup section */

/* Begin XCBuildConfiguration section */
		4352529D236758100062B26D /* Debug */ = {
			isa = XCBuildConfiguration;
			buildSettings = {
				ALWAYS_SEARCH_USER_PATHS = NO;
				CLANG_ANALYZER_NONNULL = YES;
				CLANG_ANALYZER_NUMBER_OBJECT_CONVERSION = YES_AGGRESSIVE;
				CLANG_CXX_LANGUAGE_STANDARD = "gnu++14";
				CLANG_CXX_LIBRARY = "libc++";
				CLANG_ENABLE_MODULES = YES;
				CLANG_ENABLE_OBJC_ARC = YES;
				CLANG_ENABLE_OBJC_WEAK = YES;
				CLANG_WARN_BLOCK_CAPTURE_AUTORELEASING = YES;
				CLANG_WARN_BOOL_CONVERSION = YES;
				CLANG_WARN_COMMA = YES;
				CLANG_WARN_CONSTANT_CONVERSION = YES;
				CLANG_WARN_DEPRECATED_OBJC_IMPLEMENTATIONS = YES;
				CLANG_WARN_DIRECT_OBJC_ISA_USAGE = YES_ERROR;
				CLANG_WARN_DOCUMENTATION_COMMENTS = YES;
				CLANG_WARN_EMPTY_BODY = YES;
				CLANG_WARN_ENUM_CONVERSION = YES;
				CLANG_WARN_INFINITE_RECURSION = YES;
				CLANG_WARN_INT_CONVERSION = YES;
				CLANG_WARN_NON_LITERAL_NULL_CONVERSION = YES;
				CLANG_WARN_OBJC_IMPLICIT_RETAIN_SELF = YES;
				CLANG_WARN_OBJC_LITERAL_CONVERSION = YES;
				CLANG_WARN_OBJC_ROOT_CLASS = YES_ERROR;
				CLANG_WARN_RANGE_LOOP_ANALYSIS = YES;
				CLANG_WARN_STRICT_PROTOTYPES = YES;
				CLANG_WARN_SUSPICIOUS_MOVE = YES;
				CLANG_WARN_UNGUARDED_AVAILABILITY = YES_AGGRESSIVE;
				CLANG_WARN_UNREACHABLE_CODE = YES;
				CLANG_WARN__DUPLICATE_METHOD_MATCH = YES;
				COPY_PHASE_STRIP = NO;
				DEBUG_INFORMATION_FORMAT = dwarf;
				ENABLE_STRICT_OBJC_MSGSEND = YES;
				ENABLE_TESTABILITY = YES;
				GCC_C_LANGUAGE_STANDARD = gnu11;
				GCC_DYNAMIC_NO_PIC = NO;
				GCC_NO_COMMON_BLOCKS = YES;
				GCC_OPTIMIZATION_LEVEL = 0;
				GCC_PREPROCESSOR_DEFINITIONS = (
					"DEBUG=1",
					"$(inherited)",
				);
				GCC_WARN_64_TO_32_BIT_CONVERSION = YES;
				GCC_WARN_ABOUT_RETURN_TYPE = YES_ERROR;
				GCC_WARN_UNDECLARED_SELECTOR = YES;
				GCC_WARN_UNINITIALIZED_AUTOS = YES_AGGRESSIVE;
				GCC_WARN_UNUSED_FUNCTION = YES;
				GCC_WARN_UNUSED_VARIABLE = YES;
				IPHONEOS_DEPLOYMENT_TARGET = 13.0;
				MTL_ENABLE_DEBUG_INFO = INCLUDE_SOURCE;
				MTL_FAST_MATH = YES;
				ONLY_ACTIVE_ARCH = YES;
				SDKROOT = iphoneos;
				SWIFT_ACTIVE_COMPILATION_CONDITIONS = DEBUG;
				SWIFT_OPTIMIZATION_LEVEL = "-Onone";
			};
			name = Debug;
		};
		4352529E236758100062B26D /* Release */ = {
			isa = XCBuildConfiguration;
			buildSettings = {
				ALWAYS_SEARCH_USER_PATHS = NO;
				CLANG_ANALYZER_NONNULL = YES;
				CLANG_ANALYZER_NUMBER_OBJECT_CONVERSION = YES_AGGRESSIVE;
				CLANG_CXX_LANGUAGE_STANDARD = "gnu++14";
				CLANG_CXX_LIBRARY = "libc++";
				CLANG_ENABLE_MODULES = YES;
				CLANG_ENABLE_OBJC_ARC = YES;
				CLANG_ENABLE_OBJC_WEAK = YES;
				CLANG_WARN_BLOCK_CAPTURE_AUTORELEASING = YES;
				CLANG_WARN_BOOL_CONVERSION = YES;
				CLANG_WARN_COMMA = YES;
				CLANG_WARN_CONSTANT_CONVERSION = YES;
				CLANG_WARN_DEPRECATED_OBJC_IMPLEMENTATIONS = YES;
				CLANG_WARN_DIRECT_OBJC_ISA_USAGE = YES_ERROR;
				CLANG_WARN_DOCUMENTATION_COMMENTS = YES;
				CLANG_WARN_EMPTY_BODY = YES;
				CLANG_WARN_ENUM_CONVERSION = YES;
				CLANG_WARN_INFINITE_RECURSION = YES;
				CLANG_WARN_INT_CONVERSION = YES;
				CLANG_WARN_NON_LITERAL_NULL_CONVERSION = YES;
				CLANG_WARN_OBJC_IMPLICIT_RETAIN_SELF = YES;
				CLANG_WARN_OBJC_LITERAL_CONVERSION = YES;
				CLANG_WARN_OBJC_ROOT_CLASS = YES_ERROR;
				CLANG_WARN_RANGE_LOOP_ANALYSIS = YES;
				CLANG_WARN_STRICT_PROTOTYPES = YES;
				CLANG_WARN_SUSPICIOUS_MOVE = YES;
				CLANG_WARN_UNGUARDED_AVAILABILITY = YES_AGGRESSIVE;
				CLANG_WARN_UNREACHABLE_CODE = YES;
				CLANG_WARN__DUPLICATE_METHOD_MATCH = YES;
				COPY_PHASE_STRIP = NO;
				DEBUG_INFORMATION_FORMAT = "dwarf-with-dsym";
				ENABLE_NS_ASSERTIONS = NO;
				ENABLE_STRICT_OBJC_MSGSEND = YES;
				GCC_C_LANGUAGE_STANDARD = gnu11;
				GCC_NO_COMMON_BLOCKS = YES;
				GCC_WARN_64_TO_32_BIT_CONVERSION = YES;
				GCC_WARN_ABOUT_RETURN_TYPE = YES_ERROR;
				GCC_WARN_UNDECLARED_SELECTOR = YES;
				GCC_WARN_UNINITIALIZED_AUTOS = YES_AGGRESSIVE;
				GCC_WARN_UNUSED_FUNCTION = YES;
				GCC_WARN_UNUSED_VARIABLE = YES;
				IPHONEOS_DEPLOYMENT_TARGET = 13.0;
				MTL_ENABLE_DEBUG_INFO = NO;
				MTL_FAST_MATH = YES;
				SDKROOT = iphoneos;
				SWIFT_COMPILATION_MODE = wholemodule;
				SWIFT_OPTIMIZATION_LEVEL = "-O";
				VALIDATE_PRODUCT = YES;
			};
			name = Release;
		};
		435252A0236758100062B26D /* Debug */ = {
			isa = XCBuildConfiguration;
			buildSettings = {
				ASSETCATALOG_COMPILER_APPICON_NAME = AppIcon;
				CODE_SIGN_STYLE = Automatic;
				DEVELOPMENT_ASSET_PATHS = "\"TapGame-SwiftUI/Preview Content\"";
				DEVELOPMENT_TEAM = 3Q7XKEDZ36;
				ENABLE_PREVIEWS = YES;
				INFOPLIST_FILE = "TapGame-SwiftUI/Info.plist";
				LD_RUNPATH_SEARCH_PATHS = (
					"$(inherited)",
					"@executable_path/Frameworks",
				);
				PRODUCT_BUNDLE_IDENTIFIER = "io.natethompson.TapGame-SwiftUI";
				PRODUCT_NAME = "$(TARGET_NAME)";
				SWIFT_VERSION = 5.0;
				TARGETED_DEVICE_FAMILY = "1,2";
			};
			name = Debug;
		};
		435252A1236758100062B26D /* Release */ = {
			isa = XCBuildConfiguration;
			buildSettings = {
				ASSETCATALOG_COMPILER_APPICON_NAME = AppIcon;
				CODE_SIGN_STYLE = Automatic;
				DEVELOPMENT_ASSET_PATHS = "\"TapGame-SwiftUI/Preview Content\"";
				DEVELOPMENT_TEAM = 3Q7XKEDZ36;
				ENABLE_PREVIEWS = YES;
				INFOPLIST_FILE = "TapGame-SwiftUI/Info.plist";
				LD_RUNPATH_SEARCH_PATHS = (
					"$(inherited)",
					"@executable_path/Frameworks",
				);
				PRODUCT_BUNDLE_IDENTIFIER = "io.natethompson.TapGame-SwiftUI";
				PRODUCT_NAME = "$(TARGET_NAME)";
				SWIFT_VERSION = 5.0;
				TARGETED_DEVICE_FAMILY = "1,2";
			};
			name = Release;
		};
/* End XCBuildConfiguration section */

/* Begin XCConfigurationList section */
		435252862367580E0062B26D /* Build configuration list for PBXProject "TapGame-SwiftUI" */ = {
			isa = XCConfigurationList;
			buildConfigurations = (
				4352529D236758100062B26D /* Debug */,
				4352529E236758100062B26D /* Release */,
			);
			defaultConfigurationIsVisible = 0;
			defaultConfigurationName = Release;
		};
		4352529F236758100062B26D /* Build configuration list for PBXNativeTarget "TapGame-SwiftUI" */ = {
			isa = XCConfigurationList;
			buildConfigurations = (
				435252A0236758100062B26D /* Debug */,
				435252A1236758100062B26D /* Release */,
			);
			defaultConfigurationIsVisible = 0;
			defaultConfigurationName = Release;
		};
/* End XCConfigurationList section */
	};
	rootObject = 435252832367580E0062B26D /* Project object */;
}
